
Microsoft Visual Studio Solution File, Format Version 12.00
# Visual Studio Version 17
VisualStudioVersion = 17.4.33103.184
MinimumVisualStudioVersion = 10.0.40219.1
Project("{FAE04EC0-301F-11D3-BF4B-00C04F79EFBC}") = "ClientServerSyncRabbitMq.Application", "ClientServerSyncRabbitMq.Application\ClientServerSyncRabbitMq.Application.csproj", "{2BD020D8-FE82-4C48-A1C7-41974A35A304}"
EndProject
Project("{FAE04EC0-301F-11D3-BF4B-00C04F79EFBC}") = "ClientServerSyncRabbitMq.Domain", "ClientServerSyncRabbitMq.Domain\ClientServerSyncRabbitMq.Domain.csproj", "{17F211F4-E644-458C-904E-84CA2FC3BB9B}"
EndProject
Project("{FAE04EC0-301F-11D3-BF4B-00C04F79EFBC}") = "ClientServerSyncRabbitMq.Infrastructure", "ClientServerSyncRabbitMq.Infrastructure\ClientServerSyncRabbitMq.Infrastructure.csproj", "{F2FF9BFE-C54D-490C-A961-C1C13887DBF2}"
EndProject
Project("{FAE04EC0-301F-11D3-BF4B-00C04F79EFBC}") = "ClientServerSyncRabbitMq.Api", "ClientServerSyncRabbitMq.Api\ClientServerSyncRabbitMq.Api.csproj", "{59623ACE-F0EC-49CB-817D-DA4EA8E4B8EC}"
EndProject
Project("{FAE04EC0-301F-11D3-BF4B-00C04F79EFBC}") = "ClientServerSyncRabbitMq.Services", "ClientServerSyncRabbitMq.Services\ClientServerSyncRabbitMq.Services.csproj", "{A84A16BF-523A-41CB-874C-520E61E54B64}"
EndProject
Global
	GlobalSection(SolutionConfigurationPlatforms) = preSolution
		Debug|Any CPU = Debug|Any CPU
		Release|Any CPU = Release|Any CPU
	EndGlobalSection
	GlobalSection(ProjectConfigurationPlatforms) = postSolution
		{2BD020D8-FE82-4C48-A1C7-41974A35A304}.Debug|Any CPU.ActiveCfg = Debug|Any CPU
		{2BD020D8-FE82-4C48-A1C7-41974A35A304}.Debug|Any CPU.Build.0 = Debug|Any CPU
		{2BD020D8-FE82-4C48-A1C7-41974A35A304}.Release|Any CPU.ActiveCfg = Release|Any CPU
		{2BD020D8-FE82-4C48-A1C7-41974A35A304}.Release|Any CPU.Build.0 = Release|Any CPU
		{17F211F4-E644-458C-904E-84CA2FC3BB9B}.Debug|Any CPU.ActiveCfg = Debug|Any CPU
		{17F211F4-E644-458C-904E-84CA2FC3BB9B}.Debug|Any CPU.Build.0 = Debug|Any CPU
		{17F211F4-E644-458C-904E-84CA2FC3BB9B}.Release|Any CPU.ActiveCfg = Release|Any CPU
		{17F211F4-E644-458C-904E-84CA2FC3BB9B}.Release|Any CPU.Build.0 = Release|Any CPU
		{F2FF9BFE-C54D-490C-A961-C1C13887DBF2}.Debug|Any CPU.ActiveCfg = Debug|Any CPU
		{F2FF9BFE-C54D-490C-A961-C1C13887DBF2}.Debug|Any CPU.Build.0 = Debug|Any CPU
		{F2FF9BFE-C54D-490C-A961-C1C13887DBF2}.Release|Any CPU.ActiveCfg = Release|Any CPU
		{F2FF9BFE-C54D-490C-A961-C1C13887DBF2}.Release|Any CPU.Build.0 = Release|Any CPU
		{59623ACE-F0EC-49CB-817D-DA4EA8E4B8EC}.Debug|Any CPU.ActiveCfg = Debug|Any CPU
		{59623ACE-F0EC-49CB-817D-DA4EA8E4B8EC}.Debug|Any CPU.Build.0 = Debug|Any CPU
		{59623ACE-F0EC-49CB-817D-DA4EA8E4B8EC}.Release|Any CPU.ActiveCfg = Release|Any CPU
		{59623ACE-F0EC-49CB-817D-DA4EA8E4B8EC}.Release|Any CPU.Build.0 = Release|Any CPU
		{A84A16BF-523A-41CB-874C-520E61E54B64}.Debug|Any CPU.ActiveCfg = Debug|Any CPU
		{A84A16BF-523A-41CB-874C-520E61E54B64}.Debug|Any CPU.Build.0 = Debug|Any CPU
		{A84A16BF-523A-41CB-874C-520E61E54B64}.Release|Any CPU.ActiveCfg = Release|Any CPU
		{A84A16BF-523A-41CB-874C-520E61E54B64}.Release|Any CPU.Build.0 = Release|Any CPU
	EndGlobalSection
	GlobalSection(SolutionProperties) = preSolution
		HideSolutionNode = FALSE
	EndGlobalSection
	GlobalSection(ExtensibilityGlobals) = postSolution
		SolutionGuid = {1B43B0F7-E9AD-4108-A016-FDCAFE21416E}
	EndGlobalSection
EndGlobal
